
Microsoft Visual Studio Solution File, Format Version 12.00
# Visual Studio Version 17
VisualStudioVersion = 17.4.33205.214
MinimumVisualStudioVersion = 10.0.40219.1
Project("{FAE04EC0-301F-11D3-BF4B-00C04F79EFBC}") = "Point", "Point\Point.csproj", "{A3555E11-511E-4ACF-9CDD-844E430248A2}"
EndProject
Global
	GlobalSection(SolutionConfigurationPlatforms) = preSolution
		Debug|Any CPU = Debug|Any CPU
		Release|Any CPU = Release|Any CPU
	EndGlobalSection
	GlobalSection(ProjectConfigurationPlatforms) = postSolution
		{A3555E11-511E-4ACF-9CDD-844E430248A2}.Debug|Any CPU.ActiveCfg = Debug|Any CPU
		{A3555E11-511E-4ACF-9CDD-844E430248A2}.Debug|Any CPU.Build.0 = Debug|Any CPU
		{A3555E11-511E-4ACF-9CDD-844E430248A2}.Release|Any CPU.ActiveCfg = Release|Any CPU
		{A3555E11-511E-4ACF-9CDD-844E430248A2}.Release|Any CPU.Build.0 = Release|Any CPU
	EndGlobalSection
	GlobalSection(SolutionProperties) = preSolution
		HideSolutionNode = FALSE
	EndGlobalSection
	GlobalSection(ExtensibilityGlobals) = postSolution
		SolutionGuid = {90CE6AC8-CC4A-43F9-9B1B-AFF099389738}
	EndGlobalSection
EndGlobal
